{
  "name": "encore-restate-gen-durable-saas-sample",
  "version": "0.0.1",
  "lockfileVersion": 3,
  "requires": true,
  "packages": {
    "": {
      "name": "encore-restate-gen-durable-saas-sample",
      "version": "0.0.1",
      "license": "MIT",
      "dependencies": {
        "@restatedev/restate-sdk": "^1.4.0",
        "@restatedev/restate-sdk-clients": "^1.4.0",
        "@restatedev/restate-sdk-core": "^1.4.0",
        "encore.dev": "^1.46.3"
      },
      "devDependencies": {
        "@types/node": "^20.5.7",
        "typescript": "^5.2.2"
      }
    },
    "node_modules/@restatedev/restate-sdk": {
      "version": "1.4.0",
      "resolved": "https://registry.npmjs.org/@restatedev/restate-sdk/-/restate-sdk-1.4.0.tgz",
      "integrity": "sha512-rNiK6eoDWf6S1WIB1WEODGr0QZ3aI95/gdvZ+Lst8XqN4NKuz6vNZvGvID/SI/v2/gXMpq2XaYzYAp+BtimqDQ==",
      "license": "MIT",
      "dependencies": {
        "@restatedev/restate-sdk-core": "^1.4.0"
      },
      "engines": {
        "node": ">= 18.13"
      }
    },
    "node_modules/@restatedev/restate-sdk-clients": {
      "version": "1.4.0",
      "resolved": "https://registry.npmjs.org/@restatedev/restate-sdk-clients/-/restate-sdk-clients-1.4.0.tgz",
      "integrity": "sha512-1W+2lKE0PBpGUfXvE9bD4RnXL4DmR9pgUjiNsTRcd6KtlG05QxYKXR5yetXBm/RW2RMt85cSvl8FOc+X5jYabA==",
      "license": "MIT",
      "dependencies": {
        "@restatedev/restate-sdk-core": "^1.4.0"
      },
      "engines": {
        "node": ">= 18.13"
      }
    },
    "node_modules/@restatedev/restate-sdk-core": {
      "version": "1.4.0",
      "resolved": "https://registry.npmjs.org/@restatedev/restate-sdk-core/-/restate-sdk-core-1.4.0.tgz",
      "integrity": "sha512-siSmtsMTCr+xxYB1cqjW0jDODzbkET1FUe+6X9txaMz8JqGLeEUdZHu6+SNtwZefFiLhvzk/f5Te3m6LTXy52Q==",
      "license": "MIT",
      "engines": {
        "node": ">= 18.13"
      }
    },
    "node_modules/@types/node": {
      "version": "20.17.19",
      "resolved": "https://registry.npmjs.org/@types/node/-/node-20.17.19.tgz",
      "integrity": "sha512-LEwC7o1ifqg/6r2gn9Dns0f1rhK+fPFDoMiceTJ6kWmVk6bgXBI/9IOWfVan4WiAavK9pIVWdX0/e3J+eEUh5A==",
      "dev": true,
      "license": "MIT",
      "dependencies": {
        "undici-types": "~6.19.2"
      }
    },
    "node_modules/encore.dev": {
      "version": "1.46.4",
      "resolved": "https://registry.npmjs.org/encore.dev/-/encore.dev-1.46.4.tgz",
      "integrity": "sha512-kw4HA5UjAs/GUby1VzXPi5HOXIK/dqZCMifeanTJgBQPXToT/WzdZOlUh4UQRlU6sqG7AVs7hmDzgXst83lmPw==",
      "license": "MPL-2.0",
      "engines": {
        "node": ">=18.0.0"
      }
    },
    "node_modules/typescript": {
      "version": "5.7.3",
      "resolved": "https://registry.npmjs.org/typescript/-/typescript-5.7.3.tgz",
      "integrity": "sha512-84MVSjMEHP+FQRPy3pX9sTVV/INIex71s9TL2Gm5FG/WG1SqXeKyZ0k7/blY/4FdOzI12CBy1vGc4og/eus0fw==",
      "dev": true,
      "license": "Apache-2.0",
      "bin": {
        "tsc": "bin/tsc",
        "tsserver": "bin/tsserver"
      },
      "engines": {
        "node": ">=14.17"
      }
    },
    "node_modules/undici-types": {
      "version": "6.19.8",
      "resolved": "https://registry.npmjs.org/undici-types/-/undici-types-6.19.8.tgz",
      "integrity": "sha512-ve2KP6f/JnbPBFyobGHuerC9g1FYGn/F8n1LWTwNxCEzd6IfqTwUQcNXgEtmmQ6DlRrC1hrSrBnCZPokRrDHjw==",
      "dev": true,
      "license": "MIT"
    }
  }
}
